{
  "name": "backend",
  "lockfileVersion": 3,
  "requires": true,
  "packages": {
    "": {
      "dependencies": {
        "nodemailer": "^7.0.9",
        "shamirs-secret-sharing": "^2.0.1"
      }
    },
    "node_modules/nodemailer": {
      "version": "7.0.9",
      "resolved": "https://registry.npmjs.org/nodemailer/-/nodemailer-7.0.9.tgz",
      "integrity": "sha512-9/Qm0qXIByEP8lEV2qOqcAW7bRpL8CR9jcTwk3NBnHJNmP9fIJ86g2fgmIXqHY+nj55ZEMwWqYAT2QTDpRUYiQ==",
      "license": "MIT-0",
      "engines": {
        "node": ">=6.0.0"
      }
    },
    "node_modules/shamirs-secret-sharing": {
      "version": "2.0.1",
      "resolved": "https://registry.npmjs.org/shamirs-secret-sharing/-/shamirs-secret-sharing-2.0.1.tgz",
      "integrity": "sha512-gB2iE9Wb7BXfO+ExUU+i7/fdjOK7h4+Mtp9ZGRjmdGSeUq3czN+f/gX2KsKJdebXwG09D3SCRH0aqHmEuR2P6A==",
      "license": "MIT"
    }
  }
}
